// !$*UTF8*$!
{
	archiveVersion = 1;
	classes = {
	};
	objectVersion = 55;
	objects = {

/* Begin PBXBuildFile section */
		C48546AE26B3B6DD00065AE0 /* tracetimeApp.swift in Sources */ = {isa = PBXBuildFile; fileRef = C48546AD26B3B6DD00065AE0 /* tracetimeApp.swift */; };
		C48546B026B3B6DD00065AE0 /* ContentView.swift in Sources */ = {isa = PBXBuildFile; fileRef = C48546AF26B3B6DD00065AE0 /* ContentView.swift */; };
		C48546B226B3B6DE00065AE0 /* Assets.xcassets in Resources */ = {isa = PBXBuildFile; fileRef = C48546B126B3B6DE00065AE0 /* Assets.xcassets */; };
		C48546B526B3B6DE00065AE0 /* Preview Assets.xcassets in Resources */ = {isa = PBXBuildFile; fileRef = C48546B426B3B6DE00065AE0 /* Preview Assets.xcassets */; };
		C48546B726B3B6DE00065AE0 /* Persistence.swift in Sources */ = {isa = PBXBuildFile; fileRef = C48546B626B3B6DE00065AE0 /* Persistence.swift */; };
		C48546BA26B3B6DE00065AE0 /* tracetime.xcdatamodeld in Sources */ = {isa = PBXBuildFile; fileRef = C48546B826B3B6DE00065AE0 /* tracetime.xcdatamodeld */; };
		C48546C126B3BCC800065AE0 /* AddRecordSheet.swift in Sources */ = {isa = PBXBuildFile; fileRef = C48546C026B3BCC800065AE0 /* AddRecordSheet.swift */; };
		C48546C426B3C11800065AE0 /* Record+CoreDataClass.swift in Sources */ = {isa = PBXBuildFile; fileRef = C48546C226B3C11800065AE0 /* Record+CoreDataClass.swift */; };
		C48546C526B3C11800065AE0 /* Record+CoreDataProperties.swift in Sources */ = {isa = PBXBuildFile; fileRef = C48546C326B3C11800065AE0 /* Record+CoreDataProperties.swift */; };
		C48546C726B3C63600065AE0 /* Date.swift in Sources */ = {isa = PBXBuildFile; fileRef = C48546C626B3C63600065AE0 /* Date.swift */; };
		C488B95D26B40A0000A0196F /* EditRecordSheet.swift in Sources */ = {isa = PBXBuildFile; fileRef = C488B95C26B40A0000A0196F /* EditRecordSheet.swift */; };
		C488B96526B43E2D00A0196F /* WidgetKit.framework in Frameworks */ = {isa = PBXBuildFile; fileRef = C488B96426B43E2C00A0196F /* WidgetKit.framework */; };
		C488B96726B43E2D00A0196F /* SwiftUI.framework in Frameworks */ = {isa = PBXBuildFile; fileRef = C488B96626B43E2D00A0196F /* SwiftUI.framework */; };
		C488B96A26B43E2D00A0196F /* tracetimeWidget.swift in Sources */ = {isa = PBXBuildFile; fileRef = C488B96926B43E2D00A0196F /* tracetimeWidget.swift */; };
		C488B96C26B43E2E00A0196F /* Assets.xcassets in Resources */ = {isa = PBXBuildFile; fileRef = C488B96B26B43E2E00A0196F /* Assets.xcassets */; };
		C488B97026B43E2E00A0196F /* tracetimeWidgetExtension.appex in Embed App Extensions */ = {isa = PBXBuildFile; fileRef = C488B96226B43E2C00A0196F /* tracetimeWidgetExtension.appex */; settings = {ATTRIBUTES = (RemoveHeadersOnCopy, ); }; };
		C488B97826B4431800A0196F /* Persistence.swift in Sources */ = {isa = PBXBuildFile; fileRef = C48546B626B3B6DE00065AE0 /* Persistence.swift */; };
		C488B97926B4436C00A0196F /* Record+CoreDataClass.swift in Sources */ = {isa = PBXBuildFile; fileRef = C48546C226B3C11800065AE0 /* Record+CoreDataClass.swift */; };
		C488B97A26B4439400A0196F /* Record+CoreDataProperties.swift in Sources */ = {isa = PBXBuildFile; fileRef = C48546C326B3C11800065AE0 /* Record+CoreDataProperties.swift */; };
		C488B97B26B443E200A0196F /* tracetime.xcdatamodeld in Sources */ = {isa = PBXBuildFile; fileRef = C48546B826B3B6DE00065AE0 /* tracetime.xcdatamodeld */; };
		C48E9BF526B4532E006221BD /* AppGroup.swift in Sources */ = {isa = PBXBuildFile; fileRef = C48E9BF426B4532E006221BD /* AppGroup.swift */; };
		C48E9BF626B4532E006221BD /* AppGroup.swift in Sources */ = {isa = PBXBuildFile; fileRef = C48E9BF426B4532E006221BD /* AppGroup.swift */; };
/* End PBXBuildFile section */

/* Begin PBXContainerItemProxy section */
		C488B96E26B43E2E00A0196F /* PBXContainerItemProxy */ = {
			isa = PBXContainerItemProxy;
			containerPortal = C48546A226B3B6DD00065AE0 /* Project object */;
			proxyType = 1;
			remoteGlobalIDString = C488B96126B43E2C00A0196F;
			remoteInfo = tracetimeWidgetExtension;
		};
/* End PBXContainerItemProxy section */

/* Begin PBXCopyFilesBuildPhase section */
		C488B97426B43E2E00A0196F /* Embed App Extensions */ = {
			isa = PBXCopyFilesBuildPhase;
			buildActionMask = 2147483647;
			dstPath = "";
			dstSubfolderSpec = 13;
			files = (
				C488B97026B43E2E00A0196F /* tracetimeWidgetExtension.appex in Embed App Extensions */,
			);
			name = "Embed App Extensions";
			runOnlyForDeploymentPostprocessing = 0;
		};
/* End PBXCopyFilesBuildPhase section */

/* Begin PBXFileReference section */
		C48546AA26B3B6DD00065AE0 /* tracetime.app */ = {isa = PBXFileReference; explicitFileType = wrapper.application; includeInIndex = 0; path = tracetime.app; sourceTree = BUILT_PRODUCTS_DIR; };
		C48546AD26B3B6DD00065AE0 /* tracetimeApp.swift */ = {isa = PBXFileReference; lastKnownFileType = sourcecode.swift; path = tracetimeApp.swift; sourceTree = "<group>"; };
		C48546AF26B3B6DD00065AE0 /* ContentView.swift */ = {isa = PBXFileReference; lastKnownFileType = sourcecode.swift; path = ContentView.swift; sourceTree = "<group>"; };
		C48546B126B3B6DE00065AE0 /* Assets.xcassets */ = {isa = PBXFileReference; lastKnownFileType = folder.assetcatalog; path = Assets.xcassets; sourceTree = "<group>"; };
		C48546B426B3B6DE00065AE0 /* Preview Assets.xcassets */ = {isa = PBXFileReference; lastKnownFileType = folder.assetcatalog; path = "Preview Assets.xcassets"; sourceTree = "<group>"; };
		C48546B626B3B6DE00065AE0 /* Persistence.swift */ = {isa = PBXFileReference; lastKnownFileType = sourcecode.swift; path = Persistence.swift; sourceTree = "<group>"; };
		C48546B926B3B6DE00065AE0 /* tracetime.xcdatamodel */ = {isa = PBXFileReference; lastKnownFileType = wrapper.xcdatamodel; path = tracetime.xcdatamodel; sourceTree = "<group>"; };
		C48546C026B3BCC800065AE0 /* AddRecordSheet.swift */ = {isa = PBXFileReference; lastKnownFileType = sourcecode.swift; path = AddRecordSheet.swift; sourceTree = "<group>"; };
		C48546C226B3C11800065AE0 /* Record+CoreDataClass.swift */ = {isa = PBXFileReference; lastKnownFileType = sourcecode.swift; path = "Record+CoreDataClass.swift"; sourceTree = "<group>"; };
		C48546C326B3C11800065AE0 /* Record+CoreDataProperties.swift */ = {isa = PBXFileReference; lastKnownFileType = sourcecode.swift; path = "Record+CoreDataProperties.swift"; sourceTree = "<group>"; };
		C48546C626B3C63600065AE0 /* Date.swift */ = {isa = PBXFileReference; lastKnownFileType = sourcecode.swift; path = Date.swift; sourceTree = "<group>"; };
		C488B95C26B40A0000A0196F /* EditRecordSheet.swift */ = {isa = PBXFileReference; lastKnownFileType = sourcecode.swift; path = EditRecordSheet.swift; sourceTree = "<group>"; };
		C488B96226B43E2C00A0196F /* tracetimeWidgetExtension.appex */ = {isa = PBXFileReference; explicitFileType = "wrapper.app-extension"; includeInIndex = 0; path = tracetimeWidgetExtension.appex; sourceTree = BUILT_PRODUCTS_DIR; };
		C488B96426B43E2C00A0196F /* WidgetKit.framework */ = {isa = PBXFileReference; lastKnownFileType = wrapper.framework; name = WidgetKit.framework; path = System/Library/Frameworks/WidgetKit.framework; sourceTree = SDKROOT; };
		C488B96626B43E2D00A0196F /* SwiftUI.framework */ = {isa = PBXFileReference; lastKnownFileType = wrapper.framework; name = SwiftUI.framework; path = System/Library/Frameworks/SwiftUI.framework; sourceTree = SDKROOT; };
		C488B96926B43E2D00A0196F /* tracetimeWidget.swift */ = {isa = PBXFileReference; lastKnownFileType = sourcecode.swift; path = tracetimeWidget.swift; sourceTree = "<group>"; };
		C488B96B26B43E2E00A0196F /* Assets.xcassets */ = {isa = PBXFileReference; lastKnownFileType = folder.assetcatalog; path = Assets.xcassets; sourceTree = "<group>"; };
		C488B96D26B43E2E00A0196F /* Info.plist */ = {isa = PBXFileReference; lastKnownFileType = text.plist.xml; path = Info.plist; sourceTree = "<group>"; };
		C48E9BF226B452A2006221BD /* tracetime.entitlements */ = {isa = PBXFileReference; lastKnownFileType = text.plist.entitlements; path = tracetime.entitlements; sourceTree = "<group>"; };
		C48E9BF326B452EE006221BD /* tracetimeWidgetExtension.entitlements */ = {isa = PBXFileReference; lastKnownFileType = text.plist.entitlements; path = tracetimeWidgetExtension.entitlements; sourceTree = "<group>"; };
		C48E9BF426B4532E006221BD /* AppGroup.swift */ = {isa = PBXFileReference; lastKnownFileType = sourcecode.swift; path = AppGroup.swift; sourceTree = "<group>"; };
/* End PBXFileReference section */

/* Begin PBXFrameworksBuildPhase section */
		C48546A726B3B6DD00065AE0 /* Frameworks */ = {
			isa = PBXFrameworksBuildPhase;
			buildActionMask = 2147483647;
			files = (
			);
			runOnlyForDeploymentPostprocessing = 0;
		};
		C488B95F26B43E2C00A0196F /* Frameworks */ = {
			isa = PBXFrameworksBuildPhase;
			buildActionMask = 2147483647;
			files = (
				C488B96726B43E2D00A0196F /* SwiftUI.framework in Frameworks */,
				C488B96526B43E2D00A0196F /* WidgetKit.framework in Frameworks */,
			);
			runOnlyForDeploymentPostprocessing = 0;
		};
/* End PBXFrameworksBuildPhase section */

/* Begin PBXGroup section */
		C48546A126B3B6DD00065AE0 = {
			isa = PBXGroup;
			children = (
				C48E9BF426B4532E006221BD /* AppGroup.swift */,
				C48E9BF326B452EE006221BD /* tracetimeWidgetExtension.entitlements */,
				C48546C626B3C63600065AE0 /* Date.swift */,
				C48546C226B3C11800065AE0 /* Record+CoreDataClass.swift */,
				C48546C326B3C11800065AE0 /* Record+CoreDataProperties.swift */,
				C48546AC26B3B6DD00065AE0 /* tracetime */,
				C488B96826B43E2D00A0196F /* tracetimeWidget */,
				C488B96326B43E2C00A0196F /* Frameworks */,
				C48546AB26B3B6DD00065AE0 /* Products */,
			);
			sourceTree = "<group>";
		};
		C48546AB26B3B6DD00065AE0 /* Products */ = {
			isa = PBXGroup;
			children = (
				C48546AA26B3B6DD00065AE0 /* tracetime.app */,
				C488B96226B43E2C00A0196F /* tracetimeWidgetExtension.appex */,
			);
			name = Products;
			sourceTree = "<group>";
		};
		C48546AC26B3B6DD00065AE0 /* tracetime */ = {
			isa = PBXGroup;
			children = (
				C48E9BF226B452A2006221BD /* tracetime.entitlements */,
				C48546AD26B3B6DD00065AE0 /* tracetimeApp.swift */,
				C48546AF26B3B6DD00065AE0 /* ContentView.swift */,
				C48546C026B3BCC800065AE0 /* AddRecordSheet.swift */,
				C488B95C26B40A0000A0196F /* EditRecordSheet.swift */,
				C48546B126B3B6DE00065AE0 /* Assets.xcassets */,
				C48546B626B3B6DE00065AE0 /* Persistence.swift */,
				C48546B826B3B6DE00065AE0 /* tracetime.xcdatamodeld */,
				C48546B326B3B6DE00065AE0 /* Preview Content */,
			);
			path = tracetime;
			sourceTree = "<group>";
		};
		C48546B326B3B6DE00065AE0 /* Preview Content */ = {
			isa = PBXGroup;
			children = (
				C48546B426B3B6DE00065AE0 /* Preview Assets.xcassets */,
			);
			path = "Preview Content";
			sourceTree = "<group>";
		};
		C488B96326B43E2C00A0196F /* Frameworks */ = {
			isa = PBXGroup;
			children = (
				C488B96426B43E2C00A0196F /* WidgetKit.framework */,
				C488B96626B43E2D00A0196F /* SwiftUI.framework */,
			);
			name = Frameworks;
			sourceTree = "<group>";
		};
		C488B96826B43E2D00A0196F /* tracetimeWidget */ = {
			isa = PBXGroup;
			children = (
				C488B96926B43E2D00A0196F /* tracetimeWidget.swift */,
				C488B96B26B43E2E00A0196F /* Assets.xcassets */,
				C488B96D26B43E2E00A0196F /* Info.plist */,
			);
			path = tracetimeWidget;
			sourceTree = "<group>";
		};
/* End PBXGroup section */

/* Begin PBXNativeTarget section */
		C48546A926B3B6DD00065AE0 /* tracetime */ = {
			isa = PBXNativeTarget;
			buildConfigurationList = C48546BD26B3B6DE00065AE0 /* Build configuration list for PBXNativeTarget "tracetime" */;
			buildPhases = (
				C48546A626B3B6DD00065AE0 /* Sources */,
				C48546A726B3B6DD00065AE0 /* Frameworks */,
				C48546A826B3B6DD00065AE0 /* Resources */,
				C488B97426B43E2E00A0196F /* Embed App Extensions */,
			);
			buildRules = (
			);
			dependencies = (
				C488B96F26B43E2E00A0196F /* PBXTargetDependency */,
			);
			name = tracetime;
			productName = tracetime;
			productReference = C48546AA26B3B6DD00065AE0 /* tracetime.app */;
			productType = "com.apple.product-type.application";
		};
		C488B96126B43E2C00A0196F /* tracetimeWidgetExtension */ = {
			isa = PBXNativeTarget;
			buildConfigurationList = C488B97126B43E2E00A0196F /* Build configuration list for PBXNativeTarget "tracetimeWidgetExtension" */;
			buildPhases = (
				C488B95E26B43E2C00A0196F /* Sources */,
				C488B95F26B43E2C00A0196F /* Frameworks */,
				C488B96026B43E2C00A0196F /* Resources */,
			);
			buildRules = (
			);
			dependencies = (
			);
			name = tracetimeWidgetExtension;
			productName = tracetimeWidgetExtension;
			productReference = C488B96226B43E2C00A0196F /* tracetimeWidgetExtension.appex */;
			productType = "com.apple.product-type.app-extension";
		};
/* End PBXNativeTarget section */

/* Begin PBXProject section */
		C48546A226B3B6DD00065AE0 /* Project object */ = {
			isa = PBXProject;
			attributes = {
				BuildIndependentTargetsInParallel = 1;
				LastSwiftUpdateCheck = 1300;
				LastUpgradeCheck = 1300;
				TargetAttributes = {
					C48546A926B3B6DD00065AE0 = {
						CreatedOnToolsVersion = 13.0;
					};
					C488B96126B43E2C00A0196F = {
						CreatedOnToolsVersion = 13.0;
					};
				};
			};
			buildConfigurationList = C48546A526B3B6DD00065AE0 /* Build configuration list for PBXProject "tracetime" */;
			compatibilityVersion = "Xcode 13.0";
			developmentRegion = en;
			hasScannedForEncodings = 0;
			knownRegions = (
				en,
				Base,
			);
			mainGroup = C48546A126B3B6DD00065AE0;
			productRefGroup = C48546AB26B3B6DD00065AE0 /* Products */;
			projectDirPath = "";
			projectRoot = "";
			targets = (
				C48546A926B3B6DD00065AE0 /* tracetime */,
				C488B96126B43E2C00A0196F /* tracetimeWidgetExtension */,
			);
		};
/* End PBXProject section */

/* Begin PBXResourcesBuildPhase section */
		C48546A826B3B6DD00065AE0 /* Resources */ = {
			isa = PBXResourcesBuildPhase;
			buildActionMask = 2147483647;
			files = (
				C48546B526B3B6DE00065AE0 /* Preview Assets.xcassets in Resources */,
				C48546B226B3B6DE00065AE0 /* Assets.xcassets in Resources */,
			);
			runOnlyForDeploymentPostprocessing = 0;
		};
		C488B96026B43E2C00A0196F /* Resources */ = {
			isa = PBXResourcesBuildPhase;
			buildActionMask = 2147483647;
			files = (
				C488B96C26B43E2E00A0196F /* Assets.xcassets in Resources */,
			);
			runOnlyForDeploymentPostprocessing = 0;
		};
/* End PBXResourcesBuildPhase section */

/* Begin PBXSourcesBuildPhase section */
		C48546A626B3B6DD00065AE0 /* Sources */ = {
			isa = PBXSourcesBuildPhase;
			buildActionMask = 2147483647;
			files = (
				C48546C426B3C11800065AE0 /* Record+CoreDataClass.swift in Sources */,
				C48546BA26B3B6DE00065AE0 /* tracetime.xcdatamodeld in Sources */,
				C48546C126B3BCC800065AE0 /* AddRecordSheet.swift in Sources */,
				C488B95D26B40A0000A0196F /* EditRecordSheet.swift in Sources */,
				C48546C726B3C63600065AE0 /* Date.swift in Sources */,
				C48E9BF526B4532E006221BD /* AppGroup.swift in Sources */,
				C48546B726B3B6DE00065AE0 /* Persistence.swift in Sources */,
				C48546B026B3B6DD00065AE0 /* ContentView.swift in Sources */,
				C48546AE26B3B6DD00065AE0 /* tracetimeApp.swift in Sources */,
				C48546C526B3C11800065AE0 /* Record+CoreDataProperties.swift in Sources */,
			);
			runOnlyForDeploymentPostprocessing = 0;
		};
		C488B95E26B43E2C00A0196F /* Sources */ = {
			isa = PBXSourcesBuildPhase;
			buildActionMask = 2147483647;
			files = (
				C488B97A26B4439400A0196F /* Record+CoreDataProperties.swift in Sources */,
				C48E9BF626B4532E006221BD /* AppGroup.swift in Sources */,
				C488B97926B4436C00A0196F /* Record+CoreDataClass.swift in Sources */,
				C488B97B26B443E200A0196F /* tracetime.xcdatamodeld in Sources */,
				C488B96A26B43E2D00A0196F /* tracetimeWidget.swift in Sources */,
				C488B97826B4431800A0196F /* Persistence.swift in Sources */,
			);
			runOnlyForDeploymentPostprocessing = 0;
		};
/* End PBXSourcesBuildPhase section */

/* Begin PBXTargetDependency section */
		C488B96F26B43E2E00A0196F /* PBXTargetDependency */ = {
			isa = PBXTargetDependency;
			target = C488B96126B43E2C00A0196F /* tracetimeWidgetExtension */;
			targetProxy = C488B96E26B43E2E00A0196F /* PBXContainerItemProxy */;
		};
/* End PBXTargetDependency section */

/* Begin XCBuildConfiguration section */
		C48546BB26B3B6DE00065AE0 /* Debug */ = {
			isa = XCBuildConfiguration;
			buildSettings = {
				ALWAYS_SEARCH_USER_PATHS = NO;
				CLANG_ANALYZER_NONNULL = YES;
				CLANG_ANALYZER_NUMBER_OBJECT_CONVERSION = YES_AGGRESSIVE;
				CLANG_CXX_LANGUAGE_STANDARD = "gnu++17";
				CLANG_CXX_LIBRARY = "libc++";
				CLANG_ENABLE_MODULES = YES;
				CLANG_ENABLE_OBJC_ARC = YES;
				CLANG_ENABLE_OBJC_WEAK = YES;
				CLANG_WARN_BLOCK_CAPTURE_AUTORELEASING = YES;
				CLANG_WARN_BOOL_CONVERSION = YES;
				CLANG_WARN_COMMA = YES;
				CLANG_WARN_CONSTANT_CONVERSION = YES;
				CLANG_WARN_DEPRECATED_OBJC_IMPLEMENTATIONS = YES;
				CLANG_WARN_DIRECT_OBJC_ISA_USAGE = YES_ERROR;
				CLANG_WARN_DOCUMENTATION_COMMENTS = YES;
				CLANG_WARN_EMPTY_BODY = YES;
				CLANG_WARN_ENUM_CONVERSION = YES;
				CLANG_WARN_INFINITE_RECURSION = YES;
				CLANG_WARN_INT_CONVERSION = YES;
				CLANG_WARN_NON_LITERAL_NULL_CONVERSION = YES;
				CLANG_WARN_OBJC_IMPLICIT_RETAIN_SELF = YES;
				CLANG_WARN_OBJC_LITERAL_CONVERSION = YES;
				CLANG_WARN_OBJC_ROOT_CLASS = YES_ERROR;
				CLANG_WARN_QUOTED_INCLUDE_IN_FRAMEWORK_HEADER = YES;
				CLANG_WARN_RANGE_LOOP_ANALYSIS = YES;
				CLANG_WARN_STRICT_PROTOTYPES = YES;
				CLANG_WARN_SUSPICIOUS_MOVE = YES;
				CLANG_WARN_UNGUARDED_AVAILABILITY = YES_AGGRESSIVE;
				CLANG_WARN_UNREACHABLE_CODE = YES;
				CLANG_WARN__DUPLICATE_METHOD_MATCH = YES;
				COPY_PHASE_STRIP = NO;
				DEBUG_INFORMATION_FORMAT = dwarf;
				ENABLE_STRICT_OBJC_MSGSEND = YES;
				ENABLE_TESTABILITY = YES;
				GCC_C_LANGUAGE_STANDARD = gnu11;
				GCC_DYNAMIC_NO_PIC = NO;
				GCC_NO_COMMON_BLOCKS = YES;
				GCC_OPTIMIZATION_LEVEL = 0;
				GCC_PREPROCESSOR_DEFINITIONS = (
					"DEBUG=1",
					"$(inherited)",
				);
				GCC_WARN_64_TO_32_BIT_CONVERSION = YES;
				GCC_WARN_ABOUT_RETURN_TYPE = YES_ERROR;
				GCC_WARN_UNDECLARED_SELECTOR = YES;
				GCC_WARN_UNINITIALIZED_AUTOS = YES_AGGRESSIVE;
				GCC_WARN_UNUSED_FUNCTION = YES;
				GCC_WARN_UNUSED_VARIABLE = YES;
				IPHONEOS_DEPLOYMENT_TARGET = 15.0;
				MTL_ENABLE_DEBUG_INFO = INCLUDE_SOURCE;
				MTL_FAST_MATH = YES;
				ONLY_ACTIVE_ARCH = YES;
				SDKROOT = iphoneos;
				SWIFT_ACTIVE_COMPILATION_CONDITIONS = DEBUG;
				SWIFT_OPTIMIZATION_LEVEL = "-Onone";
			};
			name = Debug;
		};
		C48546BC26B3B6DE00065AE0 /* Release */ = {
			isa = XCBuildConfiguration;
			buildSettings = {
				ALWAYS_SEARCH_USER_PATHS = NO;
				CLANG_ANALYZER_NONNULL = YES;
				CLANG_ANALYZER_NUMBER_OBJECT_CONVERSION = YES_AGGRESSIVE;
				CLANG_CXX_LANGUAGE_STANDARD = "gnu++17";
				CLANG_CXX_LIBRARY = "libc++";
				CLANG_ENABLE_MODULES = YES;
				CLANG_ENABLE_OBJC_ARC = YES;
				CLANG_ENABLE_OBJC_WEAK = YES;
				CLANG_WARN_BLOCK_CAPTURE_AUTORELEASING = YES;
				CLANG_WARN_BOOL_CONVERSION = YES;
				CLANG_WARN_COMMA = YES;
				CLANG_WARN_CONSTANT_CONVERSION = YES;
				CLANG_WARN_DEPRECATED_OBJC_IMPLEMENTATIONS = YES;
				CLANG_WARN_DIRECT_OBJC_ISA_USAGE = YES_ERROR;
				CLANG_WARN_DOCUMENTATION_COMMENTS = YES;
				CLANG_WARN_EMPTY_BODY = YES;
				CLANG_WARN_ENUM_CONVERSION = YES;
				CLANG_WARN_INFINITE_RECURSION = YES;
				CLANG_WARN_INT_CONVERSION = YES;
				CLANG_WARN_NON_LITERAL_NULL_CONVERSION = YES;
				CLANG_WARN_OBJC_IMPLICIT_RETAIN_SELF = YES;
				CLANG_WARN_OBJC_LITERAL_CONVERSION = YES;
				CLANG_WARN_OBJC_ROOT_CLASS = YES_ERROR;
				CLANG_WARN_QUOTED_INCLUDE_IN_FRAMEWORK_HEADER = YES;
				CLANG_WARN_RANGE_LOOP_ANALYSIS = YES;
				CLANG_WARN_STRICT_PROTOTYPES = YES;
				CLANG_WARN_SUSPICIOUS_MOVE = YES;
				CLANG_WARN_UNGUARDED_AVAILABILITY = YES_AGGRESSIVE;
				CLANG_WARN_UNREACHABLE_CODE = YES;
				CLANG_WARN__DUPLICATE_METHOD_MATCH = YES;
				COPY_PHASE_STRIP = NO;
				DEBUG_INFORMATION_FORMAT = "dwarf-with-dsym";
				ENABLE_NS_ASSERTIONS = NO;
				ENABLE_STRICT_OBJC_MSGSEND = YES;
				GCC_C_LANGUAGE_STANDARD = gnu11;
				GCC_NO_COMMON_BLOCKS = YES;
				GCC_WARN_64_TO_32_BIT_CONVERSION = YES;
				GCC_WARN_ABOUT_RETURN_TYPE = YES_ERROR;
				GCC_WARN_UNDECLARED_SELECTOR = YES;
				GCC_WARN_UNINITIALIZED_AUTOS = YES_AGGRESSIVE;
				GCC_WARN_UNUSED_FUNCTION = YES;
				GCC_WARN_UNUSED_VARIABLE = YES;
				IPHONEOS_DEPLOYMENT_TARGET = 15.0;
				MTL_ENABLE_DEBUG_INFO = NO;
				MTL_FAST_MATH = YES;
				SDKROOT = iphoneos;
				SWIFT_COMPILATION_MODE = wholemodule;
				SWIFT_OPTIMIZATION_LEVEL = "-O";
				VALIDATE_PRODUCT = YES;
			};
			name = Release;
		};
		C48546BE26B3B6DE00065AE0 /* Debug */ = {
			isa = XCBuildConfiguration;
			buildSettings = {
				ALWAYS_EMBED_SWIFT_STANDARD_LIBRARIES = YES;
				ASSETCATALOG_COMPILER_APPICON_NAME = AppIcon;
				ASSETCATALOG_COMPILER_GLOBAL_ACCENT_COLOR_NAME = AccentColor;
				CODE_SIGN_ENTITLEMENTS = tracetime/tracetime.entitlements;
				CODE_SIGN_STYLE = Automatic;
				CURRENT_PROJECT_VERSION = 1;
				DEVELOPMENT_ASSET_PATHS = "\"tracetime/Preview Content\"";
				DEVELOPMENT_TEAM = 6978RNFWWL;
				ENABLE_PREVIEWS = YES;
				GENERATE_INFOPLIST_FILE = YES;
				INFOPLIST_KEY_UIApplicationSceneManifest_Generation = YES;
				INFOPLIST_KEY_UIApplicationSupportsIndirectInputEvents = YES;
				INFOPLIST_KEY_UILaunchScreen_Generation = YES;
				INFOPLIST_KEY_UISupportedInterfaceOrientations_iPad = "UIInterfaceOrientationPortrait UIInterfaceOrientationPortraitUpsideDown UIInterfaceOrientationLandscapeLeft UIInterfaceOrientationLandscapeRight";
				INFOPLIST_KEY_UISupportedInterfaceOrientations_iPhone = "UIInterfaceOrientationPortrait UIInterfaceOrientationLandscapeLeft UIInterfaceOrientationLandscapeRight";
				IPHONEOS_DEPLOYMENT_TARGET = 14.0;
				LD_RUNPATH_SEARCH_PATHS = (
					"$(inherited)",
					"@executable_path/Frameworks",
				);
				MARKETING_VERSION = 1.0;
				PRODUCT_BUNDLE_IDENTIFIER = com.frecency.tracetime;
				PRODUCT_NAME = "$(TARGET_NAME)";
				SWIFT_EMIT_LOC_STRINGS = YES;
				SWIFT_VERSION = 5.0;
				TARGETED_DEVICE_FAMILY = "1,2";
			};
			name = Debug;
		};
		C48546BF26B3B6DE00065AE0 /* Release */ = {
			isa = XCBuildConfiguration;
			buildSettings = {
				ALWAYS_EMBED_SWIFT_STANDARD_LIBRARIES = YES;
				ASSETCATALOG_COMPILER_APPICON_NAME = AppIcon;
				ASSETCATALOG_COMPILER_GLOBAL_ACCENT_COLOR_NAME = AccentColor;
				CODE_SIGN_ENTITLEMENTS = tracetime/tracetime.entitlements;
				CODE_SIGN_STYLE = Automatic;
				CURRENT_PROJECT_VERSION = 1;
				DEVELOPMENT_ASSET_PATHS = "\"tracetime/Preview Content\"";
				DEVELOPMENT_TEAM = 6978RNFWWL;
				ENABLE_PREVIEWS = YES;
				GENERATE_INFOPLIST_FILE = YES;
				INFOPLIST_KEY_UIApplicationSceneManifest_Generation = YES;
				INFOPLIST_KEY_UIApplicationSupportsIndirectInputEvents = YES;
				INFOPLIST_KEY_UILaunchScreen_Generation = YES;
				INFOPLIST_KEY_UISupportedInterfaceOrientations_iPad = "UIInterfaceOrientationPortrait UIInterfaceOrientationPortraitUpsideDown UIInterfaceOrientationLandscapeLeft UIInterfaceOrientationLandscapeRight";
				INFOPLIST_KEY_UISupportedInterfaceOrientations_iPhone = "UIInterfaceOrientationPortrait UIInterfaceOrientationLandscapeLeft UIInterfaceOrientationLandscapeRight";
				IPHONEOS_DEPLOYMENT_TARGET = 14.0;
				LD_RUNPATH_SEARCH_PATHS = (
					"$(inherited)",
					"@executable_path/Frameworks",
				);
				MARKETING_VERSION = 1.0;
				PRODUCT_BUNDLE_IDENTIFIER = com.frecency.tracetime;
				PRODUCT_NAME = "$(TARGET_NAME)";
				SWIFT_EMIT_LOC_STRINGS = YES;
				SWIFT_VERSION = 5.0;
				TARGETED_DEVICE_FAMILY = "1,2";
			};
			name = Release;
		};
		C488B97226B43E2E00A0196F /* Debug */ = {
			isa = XCBuildConfiguration;
			buildSettings = {
				ASSETCATALOG_COMPILER_GLOBAL_ACCENT_COLOR_NAME = AccentColor;
				ASSETCATALOG_COMPILER_WIDGET_BACKGROUND_COLOR_NAME = WidgetBackground;
				CODE_SIGN_ENTITLEMENTS = tracetimeWidgetExtension.entitlements;
				CODE_SIGN_STYLE = Automatic;
				CURRENT_PROJECT_VERSION = 1;
				DEVELOPMENT_TEAM = 6978RNFWWL;
				GENERATE_INFOPLIST_FILE = YES;
				INFOPLIST_FILE = tracetimeWidget/Info.plist;
				INFOPLIST_KEY_CFBundleDisplayName = tracetimeWidget;
				INFOPLIST_KEY_NSHumanReadableCopyright = "";
				LD_RUNPATH_SEARCH_PATHS = (
					"$(inherited)",
					"@executable_path/Frameworks",
					"@executable_path/../../Frameworks",
				);
				MARKETING_VERSION = 1.0;
				PRODUCT_BUNDLE_IDENTIFIER = com.frecency.tracetime.tracetimeWidget;
				PRODUCT_NAME = "$(TARGET_NAME)";
				SKIP_INSTALL = YES;
				SWIFT_EMIT_LOC_STRINGS = YES;
				SWIFT_VERSION = 5.0;
				TARGETED_DEVICE_FAMILY = "1,2";
			};
			name = Debug;
		};
		C488B97326B43E2E00A0196F /* Release */ = {
			isa = XCBuildConfiguration;
			buildSettings = {
				ASSETCATALOG_COMPILER_GLOBAL_ACCENT_COLOR_NAME = AccentColor;
				ASSETCATALOG_COMPILER_WIDGET_BACKGROUND_COLOR_NAME = WidgetBackground;
				CODE_SIGN_ENTITLEMENTS = tracetimeWidgetExtension.entitlements;
				CODE_SIGN_IDENTITY = "Apple Development";
				CODE_SIGN_STYLE = Automatic;
				CURRENT_PROJECT_VERSION = 1;
				DEVELOPMENT_TEAM = 6978RNFWWL;
				GENERATE_INFOPLIST_FILE = YES;
				INFOPLIST_FILE = tracetimeWidget/Info.plist;
				INFOPLIST_KEY_CFBundleDisplayName = tracetimeWidget;
				INFOPLIST_KEY_NSHumanReadableCopyright = "";
				LD_RUNPATH_SEARCH_PATHS = (
					"$(inherited)",
					"@executable_path/Frameworks",
					"@executable_path/../../Frameworks",
				);
				MARKETING_VERSION = 1.0;
				PRODUCT_BUNDLE_IDENTIFIER = com.frecency.tracetime.tracetimeWidget;
				PRODUCT_NAME = "$(TARGET_NAME)";
				PROVISIONING_PROFILE_SPECIFIER = "";
				SKIP_INSTALL = YES;
				SWIFT_EMIT_LOC_STRINGS = YES;
				SWIFT_VERSION = 5.0;
				TARGETED_DEVICE_FAMILY = "1,2";
			};
			name = Release;
		};
/* End XCBuildConfiguration section */

/* Begin XCConfigurationList section */
		C48546A526B3B6DD00065AE0 /* Build configuration list for PBXProject "tracetime" */ = {
			isa = XCConfigurationList;
			buildConfigurations = (
				C48546BB26B3B6DE00065AE0 /* Debug */,
				C48546BC26B3B6DE00065AE0 /* Release */,
			);
			defaultConfigurationIsVisible = 0;
			defaultConfigurationName = Release;
		};
		C48546BD26B3B6DE00065AE0 /* Build configuration list for PBXNativeTarget "tracetime" */ = {
			isa = XCConfigurationList;
			buildConfigurations = (
				C48546BE26B3B6DE00065AE0 /* Debug */,
				C48546BF26B3B6DE00065AE0 /* Release */,
			);
			defaultConfigurationIsVisible = 0;
			defaultConfigurationName = Release;
		};
		C488B97126B43E2E00A0196F /* Build configuration list for PBXNativeTarget "tracetimeWidgetExtension" */ = {
			isa = XCConfigurationList;
			buildConfigurations = (
				C488B97226B43E2E00A0196F /* Debug */,
				C488B97326B43E2E00A0196F /* Release */,
			);
			defaultConfigurationIsVisible = 0;
			defaultConfigurationName = Release;
		};
/* End XCConfigurationList section */

/* Begin XCVersionGroup section */
		C48546B826B3B6DE00065AE0 /* tracetime.xcdatamodeld */ = {
			isa = XCVersionGroup;
			children = (
				C48546B926B3B6DE00065AE0 /* tracetime.xcdatamodel */,
			);
			currentVersion = C48546B926B3B6DE00065AE0 /* tracetime.xcdatamodel */;
			path = tracetime.xcdatamodeld;
			sourceTree = "<group>";
			versionGroupType = wrapper.xcdatamodel;
		};
/* End XCVersionGroup section */
	};
	rootObject = C48546A226B3B6DD00065AE0 /* Project object */;
}
